// !$*UTF8*$!
{
	archiveVersion = 1;
	classes = {
	};
	objectVersion = 50;
	objects = {

/* Begin PBXBuildFile section */
		6502C87126E1266900961887 /* AppDelegate.swift in Sources */ = {isa = PBXBuildFile; fileRef = 6502C87026E1266900961887 /* AppDelegate.swift */; };
		6502C87326E1266900961887 /* SceneDelegate.swift in Sources */ = {isa = PBXBuildFile; fileRef = 6502C87226E1266900961887 /* SceneDelegate.swift */; };
		6502C87526E1266900961887 /* ViewController.swift in Sources */ = {isa = PBXBuildFile; fileRef = 6502C87426E1266900961887 /* ViewController.swift */; };
		6502C87826E1266900961887 /* Main.storyboard in Resources */ = {isa = PBXBuildFile; fileRef = 6502C87626E1266900961887 /* Main.storyboard */; };
		6502C87B26E1266900961887 /* HackerTool.xcdatamodeld in Sources */ = {isa = PBXBuildFile; fileRef = 6502C87926E1266900961887 /* HackerTool.xcdatamodeld */; };
		6502C87D26E1266E00961887 /* Assets.xcassets in Resources */ = {isa = PBXBuildFile; fileRef = 6502C87C26E1266E00961887 /* Assets.xcassets */; };
		6502C88026E1266E00961887 /* LaunchScreen.storyboard in Resources */ = {isa = PBXBuildFile; fileRef = 6502C87E26E1266E00961887 /* LaunchScreen.storyboard */; };
		6502C88B26E1266F00961887 /* HackerToolTests.swift in Sources */ = {isa = PBXBuildFile; fileRef = 6502C88A26E1266F00961887 /* HackerToolTests.swift */; };
		6502C89626E1266F00961887 /* HackerToolUITests.swift in Sources */ = {isa = PBXBuildFile; fileRef = 6502C89526E1266F00961887 /* HackerToolUITests.swift */; };
/* End PBXBuildFile section */

/* Begin PBXContainerItemProxy section */
		6502C88726E1266F00961887 /* PBXContainerItemProxy */ = {
			isa = PBXContainerItemProxy;
			containerPortal = 6502C86526E1266900961887 /* Project object */;
			proxyType = 1;
			remoteGlobalIDString = 6502C86C26E1266900961887;
			remoteInfo = HackerTool;
		};
		6502C89226E1266F00961887 /* PBXContainerItemProxy */ = {
			isa = PBXContainerItemProxy;
			containerPortal = 6502C86526E1266900961887 /* Project object */;
			proxyType = 1;
			remoteGlobalIDString = 6502C86C26E1266900961887;
			remoteInfo = HackerTool;
		};
/* End PBXContainerItemProxy section */

/* Begin PBXFileReference section */
		6502C86D26E1266900961887 /* HackerTool.app */ = {isa = PBXFileReference; explicitFileType = wrapper.application; includeInIndex = 0; path = HackerTool.app; sourceTree = BUILT_PRODUCTS_DIR; };
		6502C87026E1266900961887 /* AppDelegate.swift */ = {isa = PBXFileReference; lastKnownFileType = sourcecode.swift; path = AppDelegate.swift; sourceTree = "<group>"; };
		6502C87226E1266900961887 /* SceneDelegate.swift */ = {isa = PBXFileReference; lastKnownFileType = sourcecode.swift; path = SceneDelegate.swift; sourceTree = "<group>"; };
		6502C87426E1266900961887 /* ViewController.swift */ = {isa = PBXFileReference; lastKnownFileType = sourcecode.swift; path = ViewController.swift; sourceTree = "<group>"; };
		6502C87726E1266900961887 /* Base */ = {isa = PBXFileReference; lastKnownFileType = file.storyboard; name = Base; path = Base.lproj/Main.storyboard; sourceTree = "<group>"; };
		6502C87A26E1266900961887 /* HackerTool.xcdatamodel */ = {isa = PBXFileReference; lastKnownFileType = wrapper.xcdatamodel; path = HackerTool.xcdatamodel; sourceTree = "<group>"; };
		6502C87C26E1266E00961887 /* Assets.xcassets */ = {isa = PBXFileReference; lastKnownFileType = folder.assetcatalog; path = Assets.xcassets; sourceTree = "<group>"; };
		6502C87F26E1266E00961887 /* Base */ = {isa = PBXFileReference; lastKnownFileType = file.storyboard; name = Base; path = Base.lproj/LaunchScreen.storyboard; sourceTree = "<group>"; };
		6502C88126E1266E00961887 /* Info.plist */ = {isa = PBXFileReference; lastKnownFileType = text.plist.xml; path = Info.plist; sourceTree = "<group>"; };
		6502C88626E1266F00961887 /* HackerToolTests.xctest */ = {isa = PBXFileReference; explicitFileType = wrapper.cfbundle; includeInIndex = 0; path = HackerToolTests.xctest; sourceTree = BUILT_PRODUCTS_DIR; };
		6502C88A26E1266F00961887 /* HackerToolTests.swift */ = {isa = PBXFileReference; lastKnownFileType = sourcecode.swift; path = HackerToolTests.swift; sourceTree = "<group>"; };
		6502C88C26E1266F00961887 /* Info.plist */ = {isa = PBXFileReference; lastKnownFileType = text.plist.xml; path = Info.plist; sourceTree = "<group>"; };
		6502C89126E1266F00961887 /* HackerToolUITests.xctest */ = {isa = PBXFileReference; explicitFileType = wrapper.cfbundle; includeInIndex = 0; path = HackerToolUITests.xctest; sourceTree = BUILT_PRODUCTS_DIR; };
		6502C89526E1266F00961887 /* HackerToolUITests.swift */ = {isa = PBXFileReference; lastKnownFileType = sourcecode.swift; path = HackerToolUITests.swift; sourceTree = "<group>"; };
		6502C89726E1266F00961887 /* Info.plist */ = {isa = PBXFileReference; lastKnownFileType = text.plist.xml; path = Info.plist; sourceTree = "<group>"; };
/* End PBXFileReference section */

/* Begin PBXFrameworksBuildPhase section */
		6502C86A26E1266900961887 /* Frameworks */ = {
			isa = PBXFrameworksBuildPhase;
			buildActionMask = 2147483647;
			files = (
			);
			runOnlyForDeploymentPostprocessing = 0;
		};
		6502C88326E1266F00961887 /* Frameworks */ = {
			isa = PBXFrameworksBuildPhase;
			buildActionMask = 2147483647;
			files = (
			);
			runOnlyForDeploymentPostprocessing = 0;
		};
		6502C88E26E1266F00961887 /* Frameworks */ = {
			isa = PBXFrameworksBuildPhase;
			buildActionMask = 2147483647;
			files = (
			);
			runOnlyForDeploymentPostprocessing = 0;
		};
/* End PBXFrameworksBuildPhase section */

/* Begin PBXGroup section */
		6502C86426E1266900961887 = {
			isa = PBXGroup;
			children = (
				6502C86F26E1266900961887 /* HackerTool */,
				6502C88926E1266F00961887 /* HackerToolTests */,
				6502C89426E1266F00961887 /* HackerToolUITests */,
				6502C86E26E1266900961887 /* Products */,
			);
			sourceTree = "<group>";
		};
		6502C86E26E1266900961887 /* Products */ = {
			isa = PBXGroup;
			children = (
				6502C86D26E1266900961887 /* HackerTool.app */,
				6502C88626E1266F00961887 /* HackerToolTests.xctest */,
				6502C89126E1266F00961887 /* HackerToolUITests.xctest */,
			);
			name = Products;
			sourceTree = "<group>";
		};
		6502C86F26E1266900961887 /* HackerTool */ = {
			isa = PBXGroup;
			children = (
				6502C87026E1266900961887 /* AppDelegate.swift */,
				6502C87226E1266900961887 /* SceneDelegate.swift */,
				6502C87426E1266900961887 /* ViewController.swift */,
				6502C87626E1266900961887 /* Main.storyboard */,
				6502C87C26E1266E00961887 /* Assets.xcassets */,
				6502C87E26E1266E00961887 /* LaunchScreen.storyboard */,
				6502C88126E1266E00961887 /* Info.plist */,
				6502C87926E1266900961887 /* HackerTool.xcdatamodeld */,
			);
			path = HackerTool;
			sourceTree = "<group>";
		};
		6502C88926E1266F00961887 /* HackerToolTests */ = {
			isa = PBXGroup;
			children = (
				6502C88A26E1266F00961887 /* HackerToolTests.swift */,
				6502C88C26E1266F00961887 /* Info.plist */,
			);
			path = HackerToolTests;
			sourceTree = "<group>";
		};
		6502C89426E1266F00961887 /* HackerToolUITests */ = {
			isa = PBXGroup;
			children = (
				6502C89526E1266F00961887 /* HackerToolUITests.swift */,
				6502C89726E1266F00961887 /* Info.plist */,
			);
			path = HackerToolUITests;
			sourceTree = "<group>";
		};
/* End PBXGroup section */

/* Begin PBXNativeTarget section */
		6502C86C26E1266900961887 /* HackerTool */ = {
			isa = PBXNativeTarget;
			buildConfigurationList = 6502C89A26E1266F00961887 /* Build configuration list for PBXNativeTarget "HackerTool" */;
			buildPhases = (
				6502C86926E1266900961887 /* Sources */,
				6502C86A26E1266900961887 /* Frameworks */,
				6502C86B26E1266900961887 /* Resources */,
			);
			buildRules = (
			);
			dependencies = (
			);
			name = HackerTool;
			productName = HackerTool;
			productReference = 6502C86D26E1266900961887 /* HackerTool.app */;
			productType = "com.apple.product-type.application";
		};
		6502C88526E1266F00961887 /* HackerToolTests */ = {
			isa = PBXNativeTarget;
			buildConfigurationList = 6502C89D26E1266F00961887 /* Build configuration list for PBXNativeTarget "HackerToolTests" */;
			buildPhases = (
				6502C88226E1266F00961887 /* Sources */,
				6502C88326E1266F00961887 /* Frameworks */,
				6502C88426E1266F00961887 /* Resources */,
			);
			buildRules = (
			);
			dependencies = (
				6502C88826E1266F00961887 /* PBXTargetDependency */,
			);
			name = HackerToolTests;
			productName = HackerToolTests;
			productReference = 6502C88626E1266F00961887 /* HackerToolTests.xctest */;
			productType = "com.apple.product-type.bundle.unit-test";
		};
		6502C89026E1266F00961887 /* HackerToolUITests */ = {
			isa = PBXNativeTarget;
			buildConfigurationList = 6502C8A026E1266F00961887 /* Build configuration list for PBXNativeTarget "HackerToolUITests" */;
			buildPhases = (
				6502C88D26E1266F00961887 /* Sources */,
				6502C88E26E1266F00961887 /* Frameworks */,
				6502C88F26E1266F00961887 /* Resources */,
			);
			buildRules = (
			);
			dependencies = (
				6502C89326E1266F00961887 /* PBXTargetDependency */,
			);
			name = HackerToolUITests;
			productName = HackerToolUITests;
			productReference = 6502C89126E1266F00961887 /* HackerToolUITests.xctest */;
			productType = "com.apple.product-type.bundle.ui-testing";
		};
/* End PBXNativeTarget section */

/* Begin PBXProject section */
		6502C86526E1266900961887 /* Project object */ = {
			isa = PBXProject;
			attributes = {
				LastSwiftUpdateCheck = 1250;
				LastUpgradeCheck = 1250;
				TargetAttributes = {
					6502C86C26E1266900961887 = {
						CreatedOnToolsVersion = 12.5.1;
					};
					6502C88526E1266F00961887 = {
						CreatedOnToolsVersion = 12.5.1;
						TestTargetID = 6502C86C26E1266900961887;
					};
					6502C89026E1266F00961887 = {
						CreatedOnToolsVersion = 12.5.1;
						TestTargetID = 6502C86C26E1266900961887;
					};
				};
			};
			buildConfigurationList = 6502C86826E1266900961887 /* Build configuration list for PBXProject "HackerTool" */;
			compatibilityVersion = "Xcode 9.3";
			developmentRegion = en;
			hasScannedForEncodings = 0;
			knownRegions = (
				en,
				Base,
			);
			mainGroup = 6502C86426E1266900961887;
			productRefGroup = 6502C86E26E1266900961887 /* Products */;
			projectDirPath = "";
			projectRoot = "";
			targets = (
				6502C86C26E1266900961887 /* HackerTool */,
				6502C88526E1266F00961887 /* HackerToolTests */,
				6502C89026E1266F00961887 /* HackerToolUITests */,
			);
		};
/* End PBXProject section */

/* Begin PBXResourcesBuildPhase section */
		6502C86B26E1266900961887 /* Resources */ = {
			isa = PBXResourcesBuildPhase;
			buildActionMask = 2147483647;
			files = (
				6502C88026E1266E00961887 /* LaunchScreen.storyboard in Resources */,
				6502C87D26E1266E00961887 /* Assets.xcassets in Resources */,
				6502C87826E1266900961887 /* Main.storyboard in Resources */,
			);
			runOnlyForDeploymentPostprocessing = 0;
		};
		6502C88426E1266F00961887 /* Resources */ = {
			isa = PBXResourcesBuildPhase;
			buildActionMask = 2147483647;
			files = (
			);
			runOnlyForDeploymentPostprocessing = 0;
		};
		6502C88F26E1266F00961887 /* Resources */ = {
			isa = PBXResourcesBuildPhase;
			buildActionMask = 2147483647;
			files = (
			);
			runOnlyForDeploymentPostprocessing = 0;
		};
/* End PBXResourcesBuildPhase section */

/* Begin PBXSourcesBuildPhase section */
		6502C86926E1266900961887 /* Sources */ = {
			isa = PBXSourcesBuildPhase;
			buildActionMask = 2147483647;
			files = (
				6502C87526E1266900961887 /* ViewController.swift in Sources */,
				6502C87126E1266900961887 /* AppDelegate.swift in Sources */,
				6502C87326E1266900961887 /* SceneDelegate.swift in Sources */,
				6502C87B26E1266900961887 /* HackerTool.xcdatamodeld in Sources */,
			);
			runOnlyForDeploymentPostprocessing = 0;
		};
		6502C88226E1266F00961887 /* Sources */ = {
			isa = PBXSourcesBuildPhase;
			buildActionMask = 2147483647;
			files = (
				6502C88B26E1266F00961887 /* HackerToolTests.swift in Sources */,
			);
			runOnlyForDeploymentPostprocessing = 0;
		};
		6502C88D26E1266F00961887 /* Sources */ = {
			isa = PBXSourcesBuildPhase;
			buildActionMask = 2147483647;
			files = (
				6502C89626E1266F00961887 /* HackerToolUITests.swift in Sources */,
			);
			runOnlyForDeploymentPostprocessing = 0;
		};
/* End PBXSourcesBuildPhase section */

/* Begin PBXTargetDependency section */
		6502C88826E1266F00961887 /* PBXTargetDependency */ = {
			isa = PBXTargetDependency;
			target = 6502C86C26E1266900961887 /* HackerTool */;
			targetProxy = 6502C88726E1266F00961887 /* PBXContainerItemProxy */;
		};
		6502C89326E1266F00961887 /* PBXTargetDependency */ = {
			isa = PBXTargetDependency;
			target = 6502C86C26E1266900961887 /* HackerTool */;
			targetProxy = 6502C89226E1266F00961887 /* PBXContainerItemProxy */;
		};
/* End PBXTargetDependency section */

/* Begin PBXVariantGroup section */
		6502C87626E1266900961887 /* Main.storyboard */ = {
			isa = PBXVariantGroup;
			children = (
				6502C87726E1266900961887 /* Base */,
			);
			name = Main.storyboard;
			sourceTree = "<group>";
		};
		6502C87E26E1266E00961887 /* LaunchScreen.storyboard */ = {
			isa = PBXVariantGroup;
			children = (
				6502C87F26E1266E00961887 /* Base */,
			);
			name = LaunchScreen.storyboard;
			sourceTree = "<group>";
		};
/* End PBXVariantGroup section */

/* Begin XCBuildConfiguration section */
		6502C89826E1266F00961887 /* Debug */ = {
			isa = XCBuildConfiguration;
			buildSettings = {
				ALWAYS_SEARCH_USER_PATHS = NO;
				CLANG_ANALYZER_NONNULL = YES;
				CLANG_ANALYZER_NUMBER_OBJECT_CONVERSION = YES_AGGRESSIVE;
				CLANG_CXX_LANGUAGE_STANDARD = "gnu++14";
				CLANG_CXX_LIBRARY = "libc++";
				CLANG_ENABLE_MODULES = YES;
				CLANG_ENABLE_OBJC_ARC = YES;
				CLANG_ENABLE_OBJC_WEAK = YES;
				CLANG_WARN_BLOCK_CAPTURE_AUTORELEASING = YES;
				CLANG_WARN_BOOL_CONVERSION = YES;
				CLANG_WARN_COMMA = YES;
				CLANG_WARN_CONSTANT_CONVERSION = YES;
				CLANG_WARN_DEPRECATED_OBJC_IMPLEMENTATIONS = YES;
				CLANG_WARN_DIRECT_OBJC_ISA_USAGE = YES_ERROR;
				CLANG_WARN_DOCUMENTATION_COMMENTS = YES;
				CLANG_WARN_EMPTY_BODY = YES;
				CLANG_WARN_ENUM_CONVERSION = YES;
				CLANG_WARN_INFINITE_RECURSION = YES;
				CLANG_WARN_INT_CONVERSION = YES;
				CLANG_WARN_NON_LITERAL_NULL_CONVERSION = YES;
				CLANG_WARN_OBJC_IMPLICIT_RETAIN_SELF = YES;
				CLANG_WARN_OBJC_LITERAL_CONVERSION = YES;
				CLANG_WARN_OBJC_ROOT_CLASS = YES_ERROR;
				CLANG_WARN_QUOTED_INCLUDE_IN_FRAMEWORK_HEADER = YES;
				CLANG_WARN_RANGE_LOOP_ANALYSIS = YES;
				CLANG_WARN_STRICT_PROTOTYPES = YES;
				CLANG_WARN_SUSPICIOUS_MOVE = YES;
				CLANG_WARN_UNGUARDED_AVAILABILITY = YES_AGGRESSIVE;
				CLANG_WARN_UNREACHABLE_CODE = YES;
				CLANG_WARN__DUPLICATE_METHOD_MATCH = YES;
				COPY_PHASE_STRIP = NO;
				DEBUG_INFORMATION_FORMAT = dwarf;
				ENABLE_STRICT_OBJC_MSGSEND = YES;
				ENABLE_TESTABILITY = YES;
				GCC_C_LANGUAGE_STANDARD = gnu11;
				GCC_DYNAMIC_NO_PIC = NO;
				GCC_NO_COMMON_BLOCKS = YES;
				GCC_OPTIMIZATION_LEVEL = 0;
				GCC_PREPROCESSOR_DEFINITIONS = (
					"DEBUG=1",
					"$(inherited)",
				);
				GCC_WARN_64_TO_32_BIT_CONVERSION = YES;
				GCC_WARN_ABOUT_RETURN_TYPE = YES_ERROR;
				GCC_WARN_UNDECLARED_SELECTOR = YES;
				GCC_WARN_UNINITIALIZED_AUTOS = YES_AGGRESSIVE;
				GCC_WARN_UNUSED_FUNCTION = YES;
				GCC_WARN_UNUSED_VARIABLE = YES;
				IPHONEOS_DEPLOYMENT_TARGET = 14.5;
				MTL_ENABLE_DEBUG_INFO = INCLUDE_SOURCE;
				MTL_FAST_MATH = YES;
				ONLY_ACTIVE_ARCH = YES;
				SDKROOT = iphoneos;
				SWIFT_ACTIVE_COMPILATION_CONDITIONS = DEBUG;
				SWIFT_OPTIMIZATION_LEVEL = "-Onone";
			};
			name = Debug;
		};
		6502C89926E1266F00961887 /* Release */ = {
			isa = XCBuildConfiguration;
			buildSettings = {
				ALWAYS_SEARCH_USER_PATHS = NO;
				CLANG_ANALYZER_NONNULL = YES;
				CLANG_ANALYZER_NUMBER_OBJECT_CONVERSION = YES_AGGRESSIVE;
				CLANG_CXX_LANGUAGE_STANDARD = "gnu++14";
				CLANG_CXX_LIBRARY = "libc++";
				CLANG_ENABLE_MODULES = YES;
				CLANG_ENABLE_OBJC_ARC = YES;
				CLANG_ENABLE_OBJC_WEAK = YES;
				CLANG_WARN_BLOCK_CAPTURE_AUTORELEASING = YES;
				CLANG_WARN_BOOL_CONVERSION = YES;
				CLANG_WARN_COMMA = YES;
				CLANG_WARN_CONSTANT_CONVERSION = YES;
				CLANG_WARN_DEPRECATED_OBJC_IMPLEMENTATIONS = YES;
				CLANG_WARN_DIRECT_OBJC_ISA_USAGE = YES_ERROR;
				CLANG_WARN_DOCUMENTATION_COMMENTS = YES;
				CLANG_WARN_EMPTY_BODY = YES;
				CLANG_WARN_ENUM_CONVERSION = YES;
				CLANG_WARN_INFINITE_RECURSION = YES;
				CLANG_WARN_INT_CONVERSION = YES;
				CLANG_WARN_NON_LITERAL_NULL_CONVERSION = YES;
				CLANG_WARN_OBJC_IMPLICIT_RETAIN_SELF = YES;
				CLANG_WARN_OBJC_LITERAL_CONVERSION = YES;
				CLANG_WARN_OBJC_ROOT_CLASS = YES_ERROR;
				CLANG_WARN_QUOTED_INCLUDE_IN_FRAMEWORK_HEADER = YES;
				CLANG_WARN_RANGE_LOOP_ANALYSIS = YES;
				CLANG_WARN_STRICT_PROTOTYPES = YES;
				CLANG_WARN_SUSPICIOUS_MOVE = YES;
				CLANG_WARN_UNGUARDED_AVAILABILITY = YES_AGGRESSIVE;
				CLANG_WARN_UNREACHABLE_CODE = YES;
				CLANG_WARN__DUPLICATE_METHOD_MATCH = YES;
				COPY_PHASE_STRIP = NO;
				DEBUG_INFORMATION_FORMAT = "dwarf-with-dsym";
				ENABLE_NS_ASSERTIONS = NO;
				ENABLE_STRICT_OBJC_MSGSEND = YES;
				GCC_C_LANGUAGE_STANDARD = gnu11;
				GCC_NO_COMMON_BLOCKS = YES;
				GCC_WARN_64_TO_32_BIT_CONVERSION = YES;
				GCC_WARN_ABOUT_RETURN_TYPE = YES_ERROR;
				GCC_WARN_UNDECLARED_SELECTOR = YES;
				GCC_WARN_UNINITIALIZED_AUTOS = YES_AGGRESSIVE;
				GCC_WARN_UNUSED_FUNCTION = YES;
				GCC_WARN_UNUSED_VARIABLE = YES;
				IPHONEOS_DEPLOYMENT_TARGET = 14.5;
				MTL_ENABLE_DEBUG_INFO = NO;
				MTL_FAST_MATH = YES;
				SDKROOT = iphoneos;
				SWIFT_COMPILATION_MODE = wholemodule;
				SWIFT_OPTIMIZATION_LEVEL = "-O";
				VALIDATE_PRODUCT = YES;
			};
			name = Release;
		};
		6502C89B26E1266F00961887 /* Debug */ = {
			isa = XCBuildConfiguration;
			buildSettings = {
				ASSETCATALOG_COMPILER_APPICON_NAME = AppIcon;
				ASSETCATALOG_COMPILER_GLOBAL_ACCENT_COLOR_NAME = AccentColor;
				CODE_SIGN_STYLE = Automatic;
				DEVELOPMENT_TEAM = 3L6929RECK;
				INFOPLIST_FILE = HackerTool/Info.plist;
				LD_RUNPATH_SEARCH_PATHS = (
					"$(inherited)",
					"@executable_path/Frameworks",
				);
				PRODUCT_BUNDLE_IDENTIFIER = com.selllit.HackerTool;
				PRODUCT_NAME = "$(TARGET_NAME)";
				SWIFT_VERSION = 5.0;
				TARGETED_DEVICE_FAMILY = "1,2";
			};
			name = Debug;
		};
		6502C89C26E1266F00961887 /* Release */ = {
			isa = XCBuildConfiguration;
			buildSettings = {
				ASSETCATALOG_COMPILER_APPICON_NAME = AppIcon;
				ASSETCATALOG_COMPILER_GLOBAL_ACCENT_COLOR_NAME = AccentColor;
				CODE_SIGN_STYLE = Automatic;
				DEVELOPMENT_TEAM = 3L6929RECK;
				INFOPLIST_FILE = HackerTool/Info.plist;
				LD_RUNPATH_SEARCH_PATHS = (
					"$(inherited)",
					"@executable_path/Frameworks",
				);
				PRODUCT_BUNDLE_IDENTIFIER = com.selllit.HackerTool;
				PRODUCT_NAME = "$(TARGET_NAME)";
				SWIFT_VERSION = 5.0;
				TARGETED_DEVICE_FAMILY = "1,2";
			};
			name = Release;
		};
		6502C89E26E1266F00961887 /* Debug */ = {
			isa = XCBuildConfiguration;
			buildSettings = {
				ALWAYS_EMBED_SWIFT_STANDARD_LIBRARIES = YES;
				BUNDLE_LOADER = "$(TEST_HOST)";
				CODE_SIGN_STYLE = Automatic;
				DEVELOPMENT_TEAM = 3L6929RECK;
				INFOPLIST_FILE = HackerToolTests/Info.plist;
				IPHONEOS_DEPLOYMENT_TARGET = 14.5;
				LD_RUNPATH_SEARCH_PATHS = (
					"$(inherited)",
					"@executable_path/Frameworks",
					"@loader_path/Frameworks",
				);
				PRODUCT_BUNDLE_IDENTIFIER = com.selllit.HackerToolTests;
				PRODUCT_NAME = "$(TARGET_NAME)";
				SWIFT_VERSION = 5.0;
				TARGETED_DEVICE_FAMILY = "1,2";
				TEST_HOST = "$(BUILT_PRODUCTS_DIR)/HackerTool.app/HackerTool";
			};
			name = Debug;
		};
		6502C89F26E1266F00961887 /* Release */ = {
			isa = XCBuildConfiguration;
			buildSettings = {
				ALWAYS_EMBED_SWIFT_STANDARD_LIBRARIES = YES;
				BUNDLE_LOADER = "$(TEST_HOST)";
				CODE_SIGN_STYLE = Automatic;
				DEVELOPMENT_TEAM = 3L6929RECK;
				INFOPLIST_FILE = HackerToolTests/Info.plist;
				IPHONEOS_DEPLOYMENT_TARGET = 14.5;
				LD_RUNPATH_SEARCH_PATHS = (
					"$(inherited)",
					"@executable_path/Frameworks",
					"@loader_path/Frameworks",
				);
				PRODUCT_BUNDLE_IDENTIFIER = com.selllit.HackerToolTests;
				PRODUCT_NAME = "$(TARGET_NAME)";
				SWIFT_VERSION = 5.0;
				TARGETED_DEVICE_FAMILY = "1,2";
				TEST_HOST = "$(BUILT_PRODUCTS_DIR)/HackerTool.app/HackerTool";
			};
			name = Release;
		};
		6502C8A126E1266F00961887 /* Debug */ = {
			isa = XCBuildConfiguration;
			buildSettings = {
				ALWAYS_EMBED_SWIFT_STANDARD_LIBRARIES = YES;
				CODE_SIGN_STYLE = Automatic;
				DEVELOPMENT_TEAM = 3L6929RECK;
				INFOPLIST_FILE = HackerToolUITests/Info.plist;
				LD_RUNPATH_SEARCH_PATHS = (
					"$(inherited)",
					"@executable_path/Frameworks",
					"@loader_path/Frameworks",
				);
				PRODUCT_BUNDLE_IDENTIFIER = com.selllit.HackerToolUITests;
				PRODUCT_NAME = "$(TARGET_NAME)";
				SWIFT_VERSION = 5.0;
				TARGETED_DEVICE_FAMILY = "1,2";
				TEST_TARGET_NAME = HackerTool;
			};
			name = Debug;
		};
		6502C8A226E1266F00961887 /* Release */ = {
			isa = XCBuildConfiguration;
			buildSettings = {
				ALWAYS_EMBED_SWIFT_STANDARD_LIBRARIES = YES;
				CODE_SIGN_STYLE = Automatic;
				DEVELOPMENT_TEAM = 3L6929RECK;
				INFOPLIST_FILE = HackerToolUITests/Info.plist;
				LD_RUNPATH_SEARCH_PATHS = (
					"$(inherited)",
					"@executable_path/Frameworks",
					"@loader_path/Frameworks",
				);
				PRODUCT_BUNDLE_IDENTIFIER = com.selllit.HackerToolUITests;
				PRODUCT_NAME = "$(TARGET_NAME)";
				SWIFT_VERSION = 5.0;
				TARGETED_DEVICE_FAMILY = "1,2";
				TEST_TARGET_NAME = HackerTool;
			};
			name = Release;
		};
/* End XCBuildConfiguration section */

/* Begin XCConfigurationList section */
		6502C86826E1266900961887 /* Build configuration list for PBXProject "HackerTool" */ = {
			isa = XCConfigurationList;
			buildConfigurations = (
				6502C89826E1266F00961887 /* Debug */,
				6502C89926E1266F00961887 /* Release */,
			);
			defaultConfigurationIsVisible = 0;
			defaultConfigurationName = Release;
		};
		6502C89A26E1266F00961887 /* Build configuration list for PBXNativeTarget "HackerTool" */ = {
			isa = XCConfigurationList;
			buildConfigurations = (
				6502C89B26E1266F00961887 /* Debug */,
				6502C89C26E1266F00961887 /* Release */,
			);
			defaultConfigurationIsVisible = 0;
			defaultConfigurationName = Release;
		};
		6502C89D26E1266F00961887 /* Build configuration list for PBXNativeTarget "HackerToolTests" */ = {
			isa = XCConfigurationList;
			buildConfigurations = (
				6502C89E26E1266F00961887 /* Debug */,
				6502C89F26E1266F00961887 /* Release */,
			);
			defaultConfigurationIsVisible = 0;
			defaultConfigurationName = Release;
		};
		6502C8A026E1266F00961887 /* Build configuration list for PBXNativeTarget "HackerToolUITests" */ = {
			isa = XCConfigurationList;
			buildConfigurations = (
				6502C8A126E1266F00961887 /* Debug */,
				6502C8A226E1266F00961887 /* Release */,
			);
			defaultConfigurationIsVisible = 0;
			defaultConfigurationName = Release;
		};
/* End XCConfigurationList section */

/* Begin XCVersionGroup section */
		6502C87926E1266900961887 /* HackerTool.xcdatamodeld */ = {
			isa = XCVersionGroup;
			children = (
				6502C87A26E1266900961887 /* HackerTool.xcdatamodel */,
			);
			currentVersion = 6502C87A26E1266900961887 /* HackerTool.xcdatamodel */;
			path = HackerTool.xcdatamodeld;
			sourceTree = "<group>";
			versionGroupType = wrapper.xcdatamodel;
		};
/* End XCVersionGroup section */
	};
	rootObject = 6502C86526E1266900961887 /* Project object */;
}
