// !$*UTF8*$!
{
	archiveVersion = 1;
	classes = {
	};
	objectVersion = 51;
	objects = {

/* Begin PBXBuildFile section */
		1226B9A4BCAE701373AA1387 /* Pods_HackerToolTests.framework in Frameworks */ = {isa = PBXBuildFile; fileRef = B976F965CD1EECCE621A39FB /* Pods_HackerToolTests.framework */; };
		6502C87126E1266900961887 /* AppDelegate.swift in Sources */ = {isa = PBXBuildFile; fileRef = 6502C87026E1266900961887 /* AppDelegate.swift */; };
		6502C87326E1266900961887 /* SceneDelegate.swift in Sources */ = {isa = PBXBuildFile; fileRef = 6502C87226E1266900961887 /* SceneDelegate.swift */; };
		6502C87526E1266900961887 /* ViewController.swift in Sources */ = {isa = PBXBuildFile; fileRef = 6502C87426E1266900961887 /* ViewController.swift */; };
		6502C87826E1266900961887 /* Main.storyboard in Resources */ = {isa = PBXBuildFile; fileRef = 6502C87626E1266900961887 /* Main.storyboard */; };
		6502C87B26E1266900961887 /* HackerTool.xcdatamodeld in Sources */ = {isa = PBXBuildFile; fileRef = 6502C87926E1266900961887 /* HackerTool.xcdatamodeld */; };
		6502C87D26E1266E00961887 /* Assets.xcassets in Resources */ = {isa = PBXBuildFile; fileRef = 6502C87C26E1266E00961887 /* Assets.xcassets */; };
		6502C88026E1266E00961887 /* LaunchScreen.storyboard in Resources */ = {isa = PBXBuildFile; fileRef = 6502C87E26E1266E00961887 /* LaunchScreen.storyboard */; };
		6502C88B26E1266F00961887 /* HackerToolTests.swift in Sources */ = {isa = PBXBuildFile; fileRef = 6502C88A26E1266F00961887 /* HackerToolTests.swift */; };
		6502C89626E1266F00961887 /* HackerToolUITests.swift in Sources */ = {isa = PBXBuildFile; fileRef = 6502C89526E1266F00961887 /* HackerToolUITests.swift */; };
		652E946D2840998B00ADF3E8 /* ExplainViewController.swift in Sources */ = {isa = PBXBuildFile; fileRef = 652E946C2840998B00ADF3E8 /* ExplainViewController.swift */; };
		65592A4727D88F980074463A /* MitmViewController.swift in Sources */ = {isa = PBXBuildFile; fileRef = 65592A4627D88F980074463A /* MitmViewController.swift */; };
		65592A4927DE02070074463A /* BruteForceGenerateViewController.swift in Sources */ = {isa = PBXBuildFile; fileRef = 65592A4827DE02070074463A /* BruteForceGenerateViewController.swift */; };
		6596737E2797F51100360588 /* GoogleService-Info.plist in Resources */ = {isa = PBXBuildFile; fileRef = 6596737D2797F51100360588 /* GoogleService-Info.plist */; };
		65A165F828507A7200F3B219 /* BruteForceViewController.swift in Sources */ = {isa = PBXBuildFile; fileRef = 65A165F728507A7200F3B219 /* BruteForceViewController.swift */; };
		65A8927926E3EF2F00D25AA6 /* ExternalAccessory.framework in Frameworks */ = {isa = PBXBuildFile; fileRef = 65A8927826E3EF2F00D25AA6 /* ExternalAccessory.framework */; };
		65A8927B26E3F6AA00D25AA6 /* NetworkExtension.framework in Frameworks */ = {isa = PBXBuildFile; fileRef = 65A8927A26E3F6AA00D25AA6 /* NetworkExtension.framework */; };
		65A8927D26E41FC800D25AA6 /* categories.swift in Sources */ = {isa = PBXBuildFile; fileRef = 65A8927C26E41FC800D25AA6 /* categories.swift */; };
		65A8927F26E423EE00D25AA6 /* WifiScanner.swift in Sources */ = {isa = PBXBuildFile; fileRef = 65A8927E26E423EE00D25AA6 /* WifiScanner.swift */; };
		65C95687283E87B900786ABC /* FindCarViewController.swift in Sources */ = {isa = PBXBuildFile; fileRef = 65C95686283E87B900786ABC /* FindCarViewController.swift */; };
		65CB2FF2279FF08A00192ED0 /* SignUPViewController.swift in Sources */ = {isa = PBXBuildFile; fileRef = 65CB2FF1279FF08A00192ED0 /* SignUPViewController.swift */; };
		65CB2FF427A12E2200192ED0 /* PhishingLogViewController.swift in Sources */ = {isa = PBXBuildFile; fileRef = 65CB2FF327A12E2200192ED0 /* PhishingLogViewController.swift */; };
		65EB2C212708C0FD00E40EA0 /* CreaftPhishingSite.swift in Sources */ = {isa = PBXBuildFile; fileRef = 65EB2C202708C0FD00E40EA0 /* CreaftPhishingSite.swift */; };
		97B52AEC66F188A1B70A355A /* Pods_HackerTool.framework in Frameworks */ = {isa = PBXBuildFile; fileRef = 5B78A334B422B3BBB89A231B /* Pods_HackerTool.framework */; };
		C3B7EF02266561832342EB2E /* Pods_HackerTool_HackerToolUITests.framework in Frameworks */ = {isa = PBXBuildFile; fileRef = 535A45FAB185B9F8851D1EBA /* Pods_HackerTool_HackerToolUITests.framework */; };
/* End PBXBuildFile section */

/* Begin PBXContainerItemProxy section */
		6502C88726E1266F00961887 /* PBXContainerItemProxy */ = {
			isa = PBXContainerItemProxy;
			containerPortal = 6502C86526E1266900961887 /* Project object */;
			proxyType = 1;
			remoteGlobalIDString = 6502C86C26E1266900961887;
			remoteInfo = HackerTool;
		};
		6502C89226E1266F00961887 /* PBXContainerItemProxy */ = {
			isa = PBXContainerItemProxy;
			containerPortal = 6502C86526E1266900961887 /* Project object */;
			proxyType = 1;
			remoteGlobalIDString = 6502C86C26E1266900961887;
			remoteInfo = HackerTool;
		};
/* End PBXContainerItemProxy section */

/* Begin PBXFileReference section */
		535A45FAB185B9F8851D1EBA /* Pods_HackerTool_HackerToolUITests.framework */ = {isa = PBXFileReference; explicitFileType = wrapper.framework; includeInIndex = 0; path = Pods_HackerTool_HackerToolUITests.framework; sourceTree = BUILT_PRODUCTS_DIR; };
		5B78A334B422B3BBB89A231B /* Pods_HackerTool.framework */ = {isa = PBXFileReference; explicitFileType = wrapper.framework; includeInIndex = 0; path = Pods_HackerTool.framework; sourceTree = BUILT_PRODUCTS_DIR; };
		6502C86D26E1266900961887 /* HackerTool.app */ = {isa = PBXFileReference; explicitFileType = wrapper.application; includeInIndex = 0; path = HackerTool.app; sourceTree = BUILT_PRODUCTS_DIR; };
		6502C87026E1266900961887 /* AppDelegate.swift */ = {isa = PBXFileReference; lastKnownFileType = sourcecode.swift; path = AppDelegate.swift; sourceTree = "<group>"; };
		6502C87226E1266900961887 /* SceneDelegate.swift */ = {isa = PBXFileReference; lastKnownFileType = sourcecode.swift; path = SceneDelegate.swift; sourceTree = "<group>"; };
		6502C87426E1266900961887 /* ViewController.swift */ = {isa = PBXFileReference; lastKnownFileType = sourcecode.swift; path = ViewController.swift; sourceTree = "<group>"; };
		6502C87726E1266900961887 /* Base */ = {isa = PBXFileReference; lastKnownFileType = file.storyboard; name = Base; path = Base.lproj/Main.storyboard; sourceTree = "<group>"; };
		6502C87A26E1266900961887 /* HackerTool.xcdatamodel */ = {isa = PBXFileReference; lastKnownFileType = wrapper.xcdatamodel; path = HackerTool.xcdatamodel; sourceTree = "<group>"; };
		6502C87C26E1266E00961887 /* Assets.xcassets */ = {isa = PBXFileReference; lastKnownFileType = folder.assetcatalog; path = Assets.xcassets; sourceTree = "<group>"; };
		6502C87F26E1266E00961887 /* Base */ = {isa = PBXFileReference; lastKnownFileType = file.storyboard; name = Base; path = Base.lproj/LaunchScreen.storyboard; sourceTree = "<group>"; };
		6502C88126E1266E00961887 /* Info.plist */ = {isa = PBXFileReference; lastKnownFileType = text.plist.xml; path = Info.plist; sourceTree = "<group>"; };
		6502C88626E1266F00961887 /* HackerToolTests.xctest */ = {isa = PBXFileReference; explicitFileType = wrapper.cfbundle; includeInIndex = 0; path = HackerToolTests.xctest; sourceTree = BUILT_PRODUCTS_DIR; };
		6502C88A26E1266F00961887 /* HackerToolTests.swift */ = {isa = PBXFileReference; lastKnownFileType = sourcecode.swift; path = HackerToolTests.swift; sourceTree = "<group>"; };
		6502C88C26E1266F00961887 /* Info.plist */ = {isa = PBXFileReference; lastKnownFileType = text.plist.xml; path = Info.plist; sourceTree = "<group>"; };
		6502C89126E1266F00961887 /* HackerToolUITests.xctest */ = {isa = PBXFileReference; explicitFileType = wrapper.cfbundle; includeInIndex = 0; path = HackerToolUITests.xctest; sourceTree = BUILT_PRODUCTS_DIR; };
		6502C89526E1266F00961887 /* HackerToolUITests.swift */ = {isa = PBXFileReference; lastKnownFileType = sourcecode.swift; path = HackerToolUITests.swift; sourceTree = "<group>"; };
		6502C89726E1266F00961887 /* Info.plist */ = {isa = PBXFileReference; lastKnownFileType = text.plist.xml; path = Info.plist; sourceTree = "<group>"; };
		652E946C2840998B00ADF3E8 /* ExplainViewController.swift */ = {isa = PBXFileReference; lastKnownFileType = sourcecode.swift; path = ExplainViewController.swift; sourceTree = "<group>"; };
		65592A4627D88F980074463A /* MitmViewController.swift */ = {isa = PBXFileReference; lastKnownFileType = sourcecode.swift; path = MitmViewController.swift; sourceTree = "<group>"; };
		65592A4827DE02070074463A /* BruteForceGenerateViewController.swift */ = {isa = PBXFileReference; lastKnownFileType = sourcecode.swift; path = BruteForceGenerateViewController.swift; sourceTree = "<group>"; };
		6596737D2797F51100360588 /* GoogleService-Info.plist */ = {isa = PBXFileReference; fileEncoding = 4; lastKnownFileType = text.plist.xml; path = "GoogleService-Info.plist"; sourceTree = "<group>"; };
		65A165F728507A7200F3B219 /* BruteForceViewController.swift */ = {isa = PBXFileReference; lastKnownFileType = sourcecode.swift; path = BruteForceViewController.swift; sourceTree = "<group>"; };
		65A8927626E3EF2E00D25AA6 /* HackerTool.entitlements */ = {isa = PBXFileReference; lastKnownFileType = text.plist.entitlements; path = HackerTool.entitlements; sourceTree = "<group>"; };
		65A8927826E3EF2F00D25AA6 /* ExternalAccessory.framework */ = {isa = PBXFileReference; lastKnownFileType = wrapper.framework; name = ExternalAccessory.framework; path = System/Library/Frameworks/ExternalAccessory.framework; sourceTree = SDKROOT; };
		65A8927A26E3F6AA00D25AA6 /* NetworkExtension.framework */ = {isa = PBXFileReference; lastKnownFileType = wrapper.framework; name = NetworkExtension.framework; path = System/Library/Frameworks/NetworkExtension.framework; sourceTree = SDKROOT; };
		65A8927C26E41FC800D25AA6 /* categories.swift */ = {isa = PBXFileReference; lastKnownFileType = sourcecode.swift; path = categories.swift; sourceTree = "<group>"; };
		65A8927E26E423EE00D25AA6 /* WifiScanner.swift */ = {isa = PBXFileReference; lastKnownFileType = sourcecode.swift; path = WifiScanner.swift; sourceTree = "<group>"; };
		65C95686283E87B900786ABC /* FindCarViewController.swift */ = {isa = PBXFileReference; lastKnownFileType = sourcecode.swift; path = FindCarViewController.swift; sourceTree = "<group>"; };
		65CB2FF1279FF08A00192ED0 /* SignUPViewController.swift */ = {isa = PBXFileReference; lastKnownFileType = sourcecode.swift; path = SignUPViewController.swift; sourceTree = "<group>"; };
		65CB2FF327A12E2200192ED0 /* PhishingLogViewController.swift */ = {isa = PBXFileReference; lastKnownFileType = sourcecode.swift; path = PhishingLogViewController.swift; sourceTree = "<group>"; };
		65EB2C202708C0FD00E40EA0 /* CreaftPhishingSite.swift */ = {isa = PBXFileReference; lastKnownFileType = sourcecode.swift; path = CreaftPhishingSite.swift; sourceTree = "<group>"; };
		6605A60265D6E67D36A759FA /* Pods-HackerToolTests.debug.xcconfig */ = {isa = PBXFileReference; includeInIndex = 1; lastKnownFileType = text.xcconfig; name = "Pods-HackerToolTests.debug.xcconfig"; path = "Target Support Files/Pods-HackerToolTests/Pods-HackerToolTests.debug.xcconfig"; sourceTree = "<group>"; };
		7079141699BD3AEE287C3101 /* Pods-HackerTool.release.xcconfig */ = {isa = PBXFileReference; includeInIndex = 1; lastKnownFileType = text.xcconfig; name = "Pods-HackerTool.release.xcconfig"; path = "Target Support Files/Pods-HackerTool/Pods-HackerTool.release.xcconfig"; sourceTree = "<group>"; };
		8B803B6FFC00B00386E5272F /* Pods-HackerToolTests.release.xcconfig */ = {isa = PBXFileReference; includeInIndex = 1; lastKnownFileType = text.xcconfig; name = "Pods-HackerToolTests.release.xcconfig"; path = "Target Support Files/Pods-HackerToolTests/Pods-HackerToolTests.release.xcconfig"; sourceTree = "<group>"; };
		91E1C0886676C7A70CF9460B /* Pods-HackerTool.debug.xcconfig */ = {isa = PBXFileReference; includeInIndex = 1; lastKnownFileType = text.xcconfig; name = "Pods-HackerTool.debug.xcconfig"; path = "Target Support Files/Pods-HackerTool/Pods-HackerTool.debug.xcconfig"; sourceTree = "<group>"; };
		B20CC65946019FE2341D39C5 /* Pods-HackerTool-HackerToolUITests.release.xcconfig */ = {isa = PBXFileReference; includeInIndex = 1; lastKnownFileType = text.xcconfig; name = "Pods-HackerTool-HackerToolUITests.release.xcconfig"; path = "Target Support Files/Pods-HackerTool-HackerToolUITests/Pods-HackerTool-HackerToolUITests.release.xcconfig"; sourceTree = "<group>"; };
		B976F965CD1EECCE621A39FB /* Pods_HackerToolTests.framework */ = {isa = PBXFileReference; explicitFileType = wrapper.framework; includeInIndex = 0; path = Pods_HackerToolTests.framework; sourceTree = BUILT_PRODUCTS_DIR; };
		E843C32413A05CE079E5955B /* Pods-HackerTool-HackerToolUITests.debug.xcconfig */ = {isa = PBXFileReference; includeInIndex = 1; lastKnownFileType = text.xcconfig; name = "Pods-HackerTool-HackerToolUITests.debug.xcconfig"; path = "Target Support Files/Pods-HackerTool-HackerToolUITests/Pods-HackerTool-HackerToolUITests.debug.xcconfig"; sourceTree = "<group>"; };
/* End PBXFileReference section */

/* Begin PBXFrameworksBuildPhase section */
		6502C86A26E1266900961887 /* Frameworks */ = {
			isa = PBXFrameworksBuildPhase;
			buildActionMask = 2147483647;
			files = (
				65A8927926E3EF2F00D25AA6 /* ExternalAccessory.framework in Frameworks */,
				65A8927B26E3F6AA00D25AA6 /* NetworkExtension.framework in Frameworks */,
				97B52AEC66F188A1B70A355A /* Pods_HackerTool.framework in Frameworks */,
			);
			runOnlyForDeploymentPostprocessing = 0;
		};
		6502C88326E1266F00961887 /* Frameworks */ = {
			isa = PBXFrameworksBuildPhase;
			buildActionMask = 2147483647;
			files = (
				1226B9A4BCAE701373AA1387 /* Pods_HackerToolTests.framework in Frameworks */,
			);
			runOnlyForDeploymentPostprocessing = 0;
		};
		6502C88E26E1266F00961887 /* Frameworks */ = {
			isa = PBXFrameworksBuildPhase;
			buildActionMask = 2147483647;
			files = (
				C3B7EF02266561832342EB2E /* Pods_HackerTool_HackerToolUITests.framework in Frameworks */,
			);
			runOnlyForDeploymentPostprocessing = 0;
		};
/* End PBXFrameworksBuildPhase section */

/* Begin PBXGroup section */
		6502C86426E1266900961887 = {
			isa = PBXGroup;
			children = (
				6502C86F26E1266900961887 /* HackerTool */,
				6596737D2797F51100360588 /* GoogleService-Info.plist */,
				6502C88926E1266F00961887 /* HackerToolTests */,
				6502C89426E1266F00961887 /* HackerToolUITests */,
				6502C86E26E1266900961887 /* Products */,
				65A8927726E3EF2F00D25AA6 /* Frameworks */,
				861A3507535EE580DF6D6BA6 /* Pods */,
			);
			sourceTree = "<group>";
		};
		6502C86E26E1266900961887 /* Products */ = {
			isa = PBXGroup;
			children = (
				6502C86D26E1266900961887 /* HackerTool.app */,
				6502C88626E1266F00961887 /* HackerToolTests.xctest */,
				6502C89126E1266F00961887 /* HackerToolUITests.xctest */,
			);
			name = Products;
			sourceTree = "<group>";
		};
		6502C86F26E1266900961887 /* HackerTool */ = {
			isa = PBXGroup;
			children = (
				652E946C2840998B00ADF3E8 /* ExplainViewController.swift */,
				65A8927626E3EF2E00D25AA6 /* HackerTool.entitlements */,
				6502C87026E1266900961887 /* AppDelegate.swift */,
				6502C87226E1266900961887 /* SceneDelegate.swift */,
				6502C87426E1266900961887 /* ViewController.swift */,
				6502C87626E1266900961887 /* Main.storyboard */,
				6502C87C26E1266E00961887 /* Assets.xcassets */,
				6502C87E26E1266E00961887 /* LaunchScreen.storyboard */,
				6502C88126E1266E00961887 /* Info.plist */,
				6502C87926E1266900961887 /* HackerTool.xcdatamodeld */,
				65A8927C26E41FC800D25AA6 /* categories.swift */,
				65A8927E26E423EE00D25AA6 /* WifiScanner.swift */,
				65EB2C202708C0FD00E40EA0 /* CreaftPhishingSite.swift */,
				65CB2FF1279FF08A00192ED0 /* SignUPViewController.swift */,
				65CB2FF327A12E2200192ED0 /* PhishingLogViewController.swift */,
				65592A4627D88F980074463A /* MitmViewController.swift */,
				65592A4827DE02070074463A /* BruteForceGenerateViewController.swift */,
				65C95686283E87B900786ABC /* FindCarViewController.swift */,
				65A165F728507A7200F3B219 /* BruteForceViewController.swift */,
			);
			path = HackerTool;
			sourceTree = "<group>";
		};
		6502C88926E1266F00961887 /* HackerToolTests */ = {
			isa = PBXGroup;
			children = (
				6502C88A26E1266F00961887 /* HackerToolTests.swift */,
				6502C88C26E1266F00961887 /* Info.plist */,
			);
			path = HackerToolTests;
			sourceTree = "<group>";
		};
		6502C89426E1266F00961887 /* HackerToolUITests */ = {
			isa = PBXGroup;
			children = (
				6502C89526E1266F00961887 /* HackerToolUITests.swift */,
				6502C89726E1266F00961887 /* Info.plist */,
			);
			path = HackerToolUITests;
			sourceTree = "<group>";
		};
		65A8927726E3EF2F00D25AA6 /* Frameworks */ = {
			isa = PBXGroup;
			children = (
				65A8927A26E3F6AA00D25AA6 /* NetworkExtension.framework */,
				65A8927826E3EF2F00D25AA6 /* ExternalAccessory.framework */,
				5B78A334B422B3BBB89A231B /* Pods_HackerTool.framework */,
				535A45FAB185B9F8851D1EBA /* Pods_HackerTool_HackerToolUITests.framework */,
				B976F965CD1EECCE621A39FB /* Pods_HackerToolTests.framework */,
			);
			name = Frameworks;
			sourceTree = "<group>";
		};
		861A3507535EE580DF6D6BA6 /* Pods */ = {
			isa = PBXGroup;
			children = (
				91E1C0886676C7A70CF9460B /* Pods-HackerTool.debug.xcconfig */,
				7079141699BD3AEE287C3101 /* Pods-HackerTool.release.xcconfig */,
				E843C32413A05CE079E5955B /* Pods-HackerTool-HackerToolUITests.debug.xcconfig */,
				B20CC65946019FE2341D39C5 /* Pods-HackerTool-HackerToolUITests.release.xcconfig */,
				6605A60265D6E67D36A759FA /* Pods-HackerToolTests.debug.xcconfig */,
				8B803B6FFC00B00386E5272F /* Pods-HackerToolTests.release.xcconfig */,
			);
			path = Pods;
			sourceTree = "<group>";
		};
/* End PBXGroup section */

/* Begin PBXNativeTarget section */
		6502C86C26E1266900961887 /* HackerTool */ = {
			isa = PBXNativeTarget;
			buildConfigurationList = 6502C89A26E1266F00961887 /* Build configuration list for PBXNativeTarget "HackerTool" */;
			buildPhases = (
				17DC1CE370E4DFF7DB8FC1AF /* [CP] Check Pods Manifest.lock */,
				6502C86926E1266900961887 /* Sources */,
				6502C86A26E1266900961887 /* Frameworks */,
				6502C86B26E1266900961887 /* Resources */,
				3E9F2C573104DB5FAA6CF868 /* [CP] Embed Pods Frameworks */,
			);
			buildRules = (
			);
			dependencies = (
			);
			name = HackerTool;
			productName = HackerTool;
			productReference = 6502C86D26E1266900961887 /* HackerTool.app */;
			productType = "com.apple.product-type.application";
		};
		6502C88526E1266F00961887 /* HackerToolTests */ = {
			isa = PBXNativeTarget;
			buildConfigurationList = 6502C89D26E1266F00961887 /* Build configuration list for PBXNativeTarget "HackerToolTests" */;
			buildPhases = (
				7A52E09BC26DBFA92175C0DA /* [CP] Check Pods Manifest.lock */,
				6502C88226E1266F00961887 /* Sources */,
				6502C88326E1266F00961887 /* Frameworks */,
				6502C88426E1266F00961887 /* Resources */,
			);
			buildRules = (
			);
			dependencies = (
				6502C88826E1266F00961887 /* PBXTargetDependency */,
			);
			name = HackerToolTests;
			productName = HackerToolTests;
			productReference = 6502C88626E1266F00961887 /* HackerToolTests.xctest */;
			productType = "com.apple.product-type.bundle.unit-test";
		};
		6502C89026E1266F00961887 /* HackerToolUITests */ = {
			isa = PBXNativeTarget;
			buildConfigurationList = 6502C8A026E1266F00961887 /* Build configuration list for PBXNativeTarget "HackerToolUITests" */;
			buildPhases = (
				5D6DABAA356C59DE5EF3EF06 /* [CP] Check Pods Manifest.lock */,
				6502C88D26E1266F00961887 /* Sources */,
				6502C88E26E1266F00961887 /* Frameworks */,
				6502C88F26E1266F00961887 /* Resources */,
				E14474057CF4DD29CEDF43FC /* [CP] Embed Pods Frameworks */,
			);
			buildRules = (
			);
			dependencies = (
				6502C89326E1266F00961887 /* PBXTargetDependency */,
			);
			name = HackerToolUITests;
			productName = HackerToolUITests;
			productReference = 6502C89126E1266F00961887 /* HackerToolUITests.xctest */;
			productType = "com.apple.product-type.bundle.ui-testing";
		};
/* End PBXNativeTarget section */

/* Begin PBXProject section */
		6502C86526E1266900961887 /* Project object */ = {
			isa = PBXProject;
			attributes = {
				LastSwiftUpdateCheck = 1250;
				LastUpgradeCheck = 1250;
				TargetAttributes = {
					6502C86C26E1266900961887 = {
						CreatedOnToolsVersion = 12.5.1;
					};
					6502C88526E1266F00961887 = {
						CreatedOnToolsVersion = 12.5.1;
						TestTargetID = 6502C86C26E1266900961887;
					};
					6502C89026E1266F00961887 = {
						CreatedOnToolsVersion = 12.5.1;
						TestTargetID = 6502C86C26E1266900961887;
					};
				};
			};
			buildConfigurationList = 6502C86826E1266900961887 /* Build configuration list for PBXProject "HackerTool" */;
			compatibilityVersion = "Xcode 9.3";
			developmentRegion = en;
			hasScannedForEncodings = 0;
			knownRegions = (
				en,
				Base,
			);
			mainGroup = 6502C86426E1266900961887;
			productRefGroup = 6502C86E26E1266900961887 /* Products */;
			projectDirPath = "";
			projectRoot = "";
			targets = (
				6502C86C26E1266900961887 /* HackerTool */,
				6502C88526E1266F00961887 /* HackerToolTests */,
				6502C89026E1266F00961887 /* HackerToolUITests */,
			);
		};
/* End PBXProject section */

/* Begin PBXResourcesBuildPhase section */
		6502C86B26E1266900961887 /* Resources */ = {
			isa = PBXResourcesBuildPhase;
			buildActionMask = 2147483647;
			files = (
				6502C88026E1266E00961887 /* LaunchScreen.storyboard in Resources */,
				6596737E2797F51100360588 /* GoogleService-Info.plist in Resources */,
				6502C87D26E1266E00961887 /* Assets.xcassets in Resources */,
				6502C87826E1266900961887 /* Main.storyboard in Resources */,
			);
			runOnlyForDeploymentPostprocessing = 0;
		};
		6502C88426E1266F00961887 /* Resources */ = {
			isa = PBXResourcesBuildPhase;
			buildActionMask = 2147483647;
			files = (
			);
			runOnlyForDeploymentPostprocessing = 0;
		};
		6502C88F26E1266F00961887 /* Resources */ = {
			isa = PBXResourcesBuildPhase;
			buildActionMask = 2147483647;
			files = (
			);
			runOnlyForDeploymentPostprocessing = 0;
		};
/* End PBXResourcesBuildPhase section */

/* Begin PBXShellScriptBuildPhase section */
		17DC1CE370E4DFF7DB8FC1AF /* [CP] Check Pods Manifest.lock */ = {
			isa = PBXShellScriptBuildPhase;
			buildActionMask = 2147483647;
			files = (
			);
			inputFileListPaths = (
			);
			inputPaths = (
				"${PODS_PODFILE_DIR_PATH}/Podfile.lock",
				"${PODS_ROOT}/Manifest.lock",
			);
			name = "[CP] Check Pods Manifest.lock";
			outputFileListPaths = (
			);
			outputPaths = (
				"$(DERIVED_FILE_DIR)/Pods-HackerTool-checkManifestLockResult.txt",
			);
			runOnlyForDeploymentPostprocessing = 0;
			shellPath = /bin/sh;
			shellScript = "diff \"${PODS_PODFILE_DIR_PATH}/Podfile.lock\" \"${PODS_ROOT}/Manifest.lock\" > /dev/null\nif [ $? != 0 ] ; then\n    # print error to STDERR\n    echo \"error: The sandbox is not in sync with the Podfile.lock. Run 'pod install' or update your CocoaPods installation.\" >&2\n    exit 1\nfi\n# This output is used by Xcode 'outputs' to avoid re-running this script phase.\necho \"SUCCESS\" > \"${SCRIPT_OUTPUT_FILE_0}\"\n";
			showEnvVarsInLog = 0;
		};
		3E9F2C573104DB5FAA6CF868 /* [CP] Embed Pods Frameworks */ = {
			isa = PBXShellScriptBuildPhase;
			buildActionMask = 2147483647;
			files = (
			);
			inputFileListPaths = (
				"${PODS_ROOT}/Target Support Files/Pods-HackerTool/Pods-HackerTool-frameworks-${CONFIGURATION}-input-files.xcfilelist",
			);
			name = "[CP] Embed Pods Frameworks";
			outputFileListPaths = (
				"${PODS_ROOT}/Target Support Files/Pods-HackerTool/Pods-HackerTool-frameworks-${CONFIGURATION}-output-files.xcfilelist",
			);
			runOnlyForDeploymentPostprocessing = 0;
			shellPath = /bin/sh;
			shellScript = "\"${PODS_ROOT}/Target Support Files/Pods-HackerTool/Pods-HackerTool-frameworks.sh\"\n";
			showEnvVarsInLog = 0;
		};
		5D6DABAA356C59DE5EF3EF06 /* [CP] Check Pods Manifest.lock */ = {
			isa = PBXShellScriptBuildPhase;
			buildActionMask = 2147483647;
			files = (
			);
			inputFileListPaths = (
			);
			inputPaths = (
				"${PODS_PODFILE_DIR_PATH}/Podfile.lock",
				"${PODS_ROOT}/Manifest.lock",
			);
			name = "[CP] Check Pods Manifest.lock";
			outputFileListPaths = (
			);
			outputPaths = (
				"$(DERIVED_FILE_DIR)/Pods-HackerTool-HackerToolUITests-checkManifestLockResult.txt",
			);
			runOnlyForDeploymentPostprocessing = 0;
			shellPath = /bin/sh;
			shellScript = "diff \"${PODS_PODFILE_DIR_PATH}/Podfile.lock\" \"${PODS_ROOT}/Manifest.lock\" > /dev/null\nif [ $? != 0 ] ; then\n    # print error to STDERR\n    echo \"error: The sandbox is not in sync with the Podfile.lock. Run 'pod install' or update your CocoaPods installation.\" >&2\n    exit 1\nfi\n# This output is used by Xcode 'outputs' to avoid re-running this script phase.\necho \"SUCCESS\" > \"${SCRIPT_OUTPUT_FILE_0}\"\n";
			showEnvVarsInLog = 0;
		};
		7A52E09BC26DBFA92175C0DA /* [CP] Check Pods Manifest.lock */ = {
			isa = PBXShellScriptBuildPhase;
			buildActionMask = 2147483647;
			files = (
			);
			inputFileListPaths = (
			);
			inputPaths = (
				"${PODS_PODFILE_DIR_PATH}/Podfile.lock",
				"${PODS_ROOT}/Manifest.lock",
			);
			name = "[CP] Check Pods Manifest.lock";
			outputFileListPaths = (
			);
			outputPaths = (
				"$(DERIVED_FILE_DIR)/Pods-HackerToolTests-checkManifestLockResult.txt",
			);
			runOnlyForDeploymentPostprocessing = 0;
			shellPath = /bin/sh;
			shellScript = "diff \"${PODS_PODFILE_DIR_PATH}/Podfile.lock\" \"${PODS_ROOT}/Manifest.lock\" > /dev/null\nif [ $? != 0 ] ; then\n    # print error to STDERR\n    echo \"error: The sandbox is not in sync with the Podfile.lock. Run 'pod install' or update your CocoaPods installation.\" >&2\n    exit 1\nfi\n# This output is used by Xcode 'outputs' to avoid re-running this script phase.\necho \"SUCCESS\" > \"${SCRIPT_OUTPUT_FILE_0}\"\n";
			showEnvVarsInLog = 0;
		};
		E14474057CF4DD29CEDF43FC /* [CP] Embed Pods Frameworks */ = {
			isa = PBXShellScriptBuildPhase;
			buildActionMask = 2147483647;
			files = (
			);
			inputFileListPaths = (
				"${PODS_ROOT}/Target Support Files/Pods-HackerTool-HackerToolUITests/Pods-HackerTool-HackerToolUITests-frameworks-${CONFIGURATION}-input-files.xcfilelist",
			);
			name = "[CP] Embed Pods Frameworks";
			outputFileListPaths = (
				"${PODS_ROOT}/Target Support Files/Pods-HackerTool-HackerToolUITests/Pods-HackerTool-HackerToolUITests-frameworks-${CONFIGURATION}-output-files.xcfilelist",
			);
			runOnlyForDeploymentPostprocessing = 0;
			shellPath = /bin/sh;
			shellScript = "\"${PODS_ROOT}/Target Support Files/Pods-HackerTool-HackerToolUITests/Pods-HackerTool-HackerToolUITests-frameworks.sh\"\n";
			showEnvVarsInLog = 0;
		};
/* End PBXShellScriptBuildPhase section */

/* Begin PBXSourcesBuildPhase section */
		6502C86926E1266900961887 /* Sources */ = {
			isa = PBXSourcesBuildPhase;
			buildActionMask = 2147483647;
			files = (
				6502C87526E1266900961887 /* ViewController.swift in Sources */,
				6502C87126E1266900961887 /* AppDelegate.swift in Sources */,
				65CB2FF2279FF08A00192ED0 /* SignUPViewController.swift in Sources */,
				65EB2C212708C0FD00E40EA0 /* CreaftPhishingSite.swift in Sources */,
				652E946D2840998B00ADF3E8 /* ExplainViewController.swift in Sources */,
				65A165F828507A7200F3B219 /* BruteForceViewController.swift in Sources */,
				65C95687283E87B900786ABC /* FindCarViewController.swift in Sources */,
				65CB2FF427A12E2200192ED0 /* PhishingLogViewController.swift in Sources */,
				65A8927D26E41FC800D25AA6 /* categories.swift in Sources */,
				6502C87326E1266900961887 /* SceneDelegate.swift in Sources */,
				65592A4727D88F980074463A /* MitmViewController.swift in Sources */,
				6502C87B26E1266900961887 /* HackerTool.xcdatamodeld in Sources */,
				65A8927F26E423EE00D25AA6 /* WifiScanner.swift in Sources */,
				65592A4927DE02070074463A /* BruteForceGenerateViewController.swift in Sources */,
			);
			runOnlyForDeploymentPostprocessing = 0;
		};
		6502C88226E1266F00961887 /* Sources */ = {
			isa = PBXSourcesBuildPhase;
			buildActionMask = 2147483647;
			files = (
				6502C88B26E1266F00961887 /* HackerToolTests.swift in Sources */,
			);
			runOnlyForDeploymentPostprocessing = 0;
		};
		6502C88D26E1266F00961887 /* Sources */ = {
			isa = PBXSourcesBuildPhase;
			buildActionMask = 2147483647;
			files = (
				6502C89626E1266F00961887 /* HackerToolUITests.swift in Sources */,
			);
			runOnlyForDeploymentPostprocessing = 0;
		};
/* End PBXSourcesBuildPhase section */

/* Begin PBXTargetDependency section */
		6502C88826E1266F00961887 /* PBXTargetDependency */ = {
			isa = PBXTargetDependency;
			target = 6502C86C26E1266900961887 /* HackerTool */;
			targetProxy = 6502C88726E1266F00961887 /* PBXContainerItemProxy */;
		};
		6502C89326E1266F00961887 /* PBXTargetDependency */ = {
			isa = PBXTargetDependency;
			target = 6502C86C26E1266900961887 /* HackerTool */;
			targetProxy = 6502C89226E1266F00961887 /* PBXContainerItemProxy */;
		};
/* End PBXTargetDependency section */

/* Begin PBXVariantGroup section */
		6502C87626E1266900961887 /* Main.storyboard */ = {
			isa = PBXVariantGroup;
			children = (
				6502C87726E1266900961887 /* Base */,
			);
			name = Main.storyboard;
			sourceTree = "<group>";
		};
		6502C87E26E1266E00961887 /* LaunchScreen.storyboard */ = {
			isa = PBXVariantGroup;
			children = (
				6502C87F26E1266E00961887 /* Base */,
			);
			name = LaunchScreen.storyboard;
			sourceTree = "<group>";
		};
/* End PBXVariantGroup section */

/* Begin XCBuildConfiguration section */
		6502C89826E1266F00961887 /* Debug */ = {
			isa = XCBuildConfiguration;
			buildSettings = {
				ALWAYS_SEARCH_USER_PATHS = NO;
				CLANG_ANALYZER_NONNULL = YES;
				CLANG_ANALYZER_NUMBER_OBJECT_CONVERSION = YES_AGGRESSIVE;
				CLANG_CXX_LANGUAGE_STANDARD = "gnu++14";
				CLANG_CXX_LIBRARY = "libc++";
				CLANG_ENABLE_MODULES = YES;
				CLANG_ENABLE_OBJC_ARC = YES;
				CLANG_ENABLE_OBJC_WEAK = YES;
				CLANG_WARN_BLOCK_CAPTURE_AUTORELEASING = YES;
				CLANG_WARN_BOOL_CONVERSION = YES;
				CLANG_WARN_COMMA = YES;
				CLANG_WARN_CONSTANT_CONVERSION = YES;
				CLANG_WARN_DEPRECATED_OBJC_IMPLEMENTATIONS = YES;
				CLANG_WARN_DIRECT_OBJC_ISA_USAGE = YES_ERROR;
				CLANG_WARN_DOCUMENTATION_COMMENTS = YES;
				CLANG_WARN_EMPTY_BODY = YES;
				CLANG_WARN_ENUM_CONVERSION = YES;
				CLANG_WARN_INFINITE_RECURSION = YES;
				CLANG_WARN_INT_CONVERSION = YES;
				CLANG_WARN_NON_LITERAL_NULL_CONVERSION = YES;
				CLANG_WARN_OBJC_IMPLICIT_RETAIN_SELF = YES;
				CLANG_WARN_OBJC_LITERAL_CONVERSION = YES;
				CLANG_WARN_OBJC_ROOT_CLASS = YES_ERROR;
				CLANG_WARN_QUOTED_INCLUDE_IN_FRAMEWORK_HEADER = YES;
				CLANG_WARN_RANGE_LOOP_ANALYSIS = YES;
				CLANG_WARN_STRICT_PROTOTYPES = YES;
				CLANG_WARN_SUSPICIOUS_MOVE = YES;
				CLANG_WARN_UNGUARDED_AVAILABILITY = YES_AGGRESSIVE;
				CLANG_WARN_UNREACHABLE_CODE = YES;
				CLANG_WARN__DUPLICATE_METHOD_MATCH = YES;
				COPY_PHASE_STRIP = NO;
				DEBUG_INFORMATION_FORMAT = dwarf;
				ENABLE_STRICT_OBJC_MSGSEND = YES;
				ENABLE_TESTABILITY = YES;
				GCC_C_LANGUAGE_STANDARD = gnu11;
				GCC_DYNAMIC_NO_PIC = NO;
				GCC_NO_COMMON_BLOCKS = YES;
				GCC_OPTIMIZATION_LEVEL = 0;
				GCC_PREPROCESSOR_DEFINITIONS = (
					"DEBUG=1",
					"$(inherited)",
				);
				GCC_WARN_64_TO_32_BIT_CONVERSION = YES;
				GCC_WARN_ABOUT_RETURN_TYPE = YES_ERROR;
				GCC_WARN_UNDECLARED_SELECTOR = YES;
				GCC_WARN_UNINITIALIZED_AUTOS = YES_AGGRESSIVE;
				GCC_WARN_UNUSED_FUNCTION = YES;
				GCC_WARN_UNUSED_VARIABLE = YES;
				IPHONEOS_DEPLOYMENT_TARGET = 14.5;
				MTL_ENABLE_DEBUG_INFO = INCLUDE_SOURCE;
				MTL_FAST_MATH = YES;
				ONLY_ACTIVE_ARCH = YES;
				SDKROOT = iphoneos;
				SWIFT_ACTIVE_COMPILATION_CONDITIONS = DEBUG;
				SWIFT_OPTIMIZATION_LEVEL = "-Onone";
			};
			name = Debug;
		};
		6502C89926E1266F00961887 /* Release */ = {
			isa = XCBuildConfiguration;
			buildSettings = {
				ALWAYS_SEARCH_USER_PATHS = NO;
				CLANG_ANALYZER_NONNULL = YES;
				CLANG_ANALYZER_NUMBER_OBJECT_CONVERSION = YES_AGGRESSIVE;
				CLANG_CXX_LANGUAGE_STANDARD = "gnu++14";
				CLANG_CXX_LIBRARY = "libc++";
				CLANG_ENABLE_MODULES = YES;
				CLANG_ENABLE_OBJC_ARC = YES;
				CLANG_ENABLE_OBJC_WEAK = YES;
				CLANG_WARN_BLOCK_CAPTURE_AUTORELEASING = YES;
				CLANG_WARN_BOOL_CONVERSION = YES;
				CLANG_WARN_COMMA = YES;
				CLANG_WARN_CONSTANT_CONVERSION = YES;
				CLANG_WARN_DEPRECATED_OBJC_IMPLEMENTATIONS = YES;
				CLANG_WARN_DIRECT_OBJC_ISA_USAGE = YES_ERROR;
				CLANG_WARN_DOCUMENTATION_COMMENTS = YES;
				CLANG_WARN_EMPTY_BODY = YES;
				CLANG_WARN_ENUM_CONVERSION = YES;
				CLANG_WARN_INFINITE_RECURSION = YES;
				CLANG_WARN_INT_CONVERSION = YES;
				CLANG_WARN_NON_LITERAL_NULL_CONVERSION = YES;
				CLANG_WARN_OBJC_IMPLICIT_RETAIN_SELF = YES;
				CLANG_WARN_OBJC_LITERAL_CONVERSION = YES;
				CLANG_WARN_OBJC_ROOT_CLASS = YES_ERROR;
				CLANG_WARN_QUOTED_INCLUDE_IN_FRAMEWORK_HEADER = YES;
				CLANG_WARN_RANGE_LOOP_ANALYSIS = YES;
				CLANG_WARN_STRICT_PROTOTYPES = YES;
				CLANG_WARN_SUSPICIOUS_MOVE = YES;
				CLANG_WARN_UNGUARDED_AVAILABILITY = YES_AGGRESSIVE;
				CLANG_WARN_UNREACHABLE_CODE = YES;
				CLANG_WARN__DUPLICATE_METHOD_MATCH = YES;
				COPY_PHASE_STRIP = NO;
				DEBUG_INFORMATION_FORMAT = "dwarf-with-dsym";
				ENABLE_NS_ASSERTIONS = NO;
				ENABLE_STRICT_OBJC_MSGSEND = YES;
				GCC_C_LANGUAGE_STANDARD = gnu11;
				GCC_NO_COMMON_BLOCKS = YES;
				GCC_WARN_64_TO_32_BIT_CONVERSION = YES;
				GCC_WARN_ABOUT_RETURN_TYPE = YES_ERROR;
				GCC_WARN_UNDECLARED_SELECTOR = YES;
				GCC_WARN_UNINITIALIZED_AUTOS = YES_AGGRESSIVE;
				GCC_WARN_UNUSED_FUNCTION = YES;
				GCC_WARN_UNUSED_VARIABLE = YES;
				IPHONEOS_DEPLOYMENT_TARGET = 14.5;
				MTL_ENABLE_DEBUG_INFO = NO;
				MTL_FAST_MATH = YES;
				SDKROOT = iphoneos;
				SWIFT_COMPILATION_MODE = wholemodule;
				SWIFT_OPTIMIZATION_LEVEL = "-O";
				VALIDATE_PRODUCT = YES;
			};
			name = Release;
		};
		6502C89B26E1266F00961887 /* Debug */ = {
			isa = XCBuildConfiguration;
			baseConfigurationReference = 91E1C0886676C7A70CF9460B /* Pods-HackerTool.debug.xcconfig */;
			buildSettings = {
				ASSETCATALOG_COMPILER_APPICON_NAME = AppIcon;
				ASSETCATALOG_COMPILER_GLOBAL_ACCENT_COLOR_NAME = AccentColor;
				CODE_SIGN_ALLOW_ENTITLEMENTS_MODIFICATION = YES;
				CODE_SIGN_ENTITLEMENTS = HackerTool/HackerTool.entitlements;
				CODE_SIGN_STYLE = Automatic;
				DEVELOPMENT_TEAM = 3L6929RECK;
				INFOPLIST_FILE = HackerTool/Info.plist;
				IPHONEOS_DEPLOYMENT_TARGET = 13.0;
				LD_RUNPATH_SEARCH_PATHS = (
					"$(inherited)",
					"@executable_path/Frameworks",
				);
				PRODUCT_BUNDLE_IDENTIFIER = com.Ilay.HackerTool;
				PRODUCT_NAME = "$(TARGET_NAME)";
				SWIFT_VERSION = 5.0;
				TARGETED_DEVICE_FAMILY = 1;
			};
			name = Debug;
		};
		6502C89C26E1266F00961887 /* Release */ = {
			isa = XCBuildConfiguration;
			baseConfigurationReference = 7079141699BD3AEE287C3101 /* Pods-HackerTool.release.xcconfig */;
			buildSettings = {
				ASSETCATALOG_COMPILER_APPICON_NAME = AppIcon;
				ASSETCATALOG_COMPILER_GLOBAL_ACCENT_COLOR_NAME = AccentColor;
				CODE_SIGN_ALLOW_ENTITLEMENTS_MODIFICATION = YES;
				CODE_SIGN_ENTITLEMENTS = HackerTool/HackerTool.entitlements;
				CODE_SIGN_STYLE = Automatic;
				DEVELOPMENT_TEAM = 3L6929RECK;
				INFOPLIST_FILE = HackerTool/Info.plist;
				IPHONEOS_DEPLOYMENT_TARGET = 13.0;
				LD_RUNPATH_SEARCH_PATHS = (
					"$(inherited)",
					"@executable_path/Frameworks",
				);
				PRODUCT_BUNDLE_IDENTIFIER = com.Ilay.HackerTool;
				PRODUCT_NAME = "$(TARGET_NAME)";
				SWIFT_VERSION = 5.0;
				TARGETED_DEVICE_FAMILY = 1;
			};
			name = Release;
		};
		6502C89E26E1266F00961887 /* Debug */ = {
			isa = XCBuildConfiguration;
			baseConfigurationReference = 6605A60265D6E67D36A759FA /* Pods-HackerToolTests.debug.xcconfig */;
			buildSettings = {
				ALWAYS_EMBED_SWIFT_STANDARD_LIBRARIES = YES;
				BUNDLE_LOADER = "$(TEST_HOST)";
				CODE_SIGN_STYLE = Automatic;
				DEVELOPMENT_TEAM = 3L6929RECK;
				INFOPLIST_FILE = HackerToolTests/Info.plist;
				IPHONEOS_DEPLOYMENT_TARGET = 14.5;
				LD_RUNPATH_SEARCH_PATHS = (
					"$(inherited)",
					"@executable_path/Frameworks",
					"@loader_path/Frameworks",
				);
				PRODUCT_BUNDLE_IDENTIFIER = com.selllit.HackerToolTests;
				PRODUCT_NAME = "$(TARGET_NAME)";
				SWIFT_VERSION = 5.0;
				TARGETED_DEVICE_FAMILY = "1,2";
				TEST_HOST = "$(BUILT_PRODUCTS_DIR)/HackerTool.app/HackerTool";
			};
			name = Debug;
		};
		6502C89F26E1266F00961887 /* Release */ = {
			isa = XCBuildConfiguration;
			baseConfigurationReference = 8B803B6FFC00B00386E5272F /* Pods-HackerToolTests.release.xcconfig */;
			buildSettings = {
				ALWAYS_EMBED_SWIFT_STANDARD_LIBRARIES = YES;
				BUNDLE_LOADER = "$(TEST_HOST)";
				CODE_SIGN_STYLE = Automatic;
				DEVELOPMENT_TEAM = 3L6929RECK;
				INFOPLIST_FILE = HackerToolTests/Info.plist;
				IPHONEOS_DEPLOYMENT_TARGET = 14.5;
				LD_RUNPATH_SEARCH_PATHS = (
					"$(inherited)",
					"@executable_path/Frameworks",
					"@loader_path/Frameworks",
				);
				PRODUCT_BUNDLE_IDENTIFIER = com.selllit.HackerToolTests;
				PRODUCT_NAME = "$(TARGET_NAME)";
				SWIFT_VERSION = 5.0;
				TARGETED_DEVICE_FAMILY = "1,2";
				TEST_HOST = "$(BUILT_PRODUCTS_DIR)/HackerTool.app/HackerTool";
			};
			name = Release;
		};
		6502C8A126E1266F00961887 /* Debug */ = {
			isa = XCBuildConfiguration;
			baseConfigurationReference = E843C32413A05CE079E5955B /* Pods-HackerTool-HackerToolUITests.debug.xcconfig */;
			buildSettings = {
				ALWAYS_EMBED_SWIFT_STANDARD_LIBRARIES = YES;
				CODE_SIGN_STYLE = Automatic;
				DEVELOPMENT_TEAM = 3L6929RECK;
				INFOPLIST_FILE = HackerToolUITests/Info.plist;
				LD_RUNPATH_SEARCH_PATHS = (
					"$(inherited)",
					"@executable_path/Frameworks",
					"@loader_path/Frameworks",
				);
				PRODUCT_BUNDLE_IDENTIFIER = com.selllit.HackerToolUITests;
				PRODUCT_NAME = "$(TARGET_NAME)";
				SWIFT_VERSION = 5.0;
				TARGETED_DEVICE_FAMILY = "1,2";
				TEST_TARGET_NAME = HackerTool;
			};
			name = Debug;
		};
		6502C8A226E1266F00961887 /* Release */ = {
			isa = XCBuildConfiguration;
			baseConfigurationReference = B20CC65946019FE2341D39C5 /* Pods-HackerTool-HackerToolUITests.release.xcconfig */;
			buildSettings = {
				ALWAYS_EMBED_SWIFT_STANDARD_LIBRARIES = YES;
				CODE_SIGN_STYLE = Automatic;
				DEVELOPMENT_TEAM = 3L6929RECK;
				INFOPLIST_FILE = HackerToolUITests/Info.plist;
				LD_RUNPATH_SEARCH_PATHS = (
					"$(inherited)",
					"@executable_path/Frameworks",
					"@loader_path/Frameworks",
				);
				PRODUCT_BUNDLE_IDENTIFIER = com.selllit.HackerToolUITests;
				PRODUCT_NAME = "$(TARGET_NAME)";
				SWIFT_VERSION = 5.0;
				TARGETED_DEVICE_FAMILY = "1,2";
				TEST_TARGET_NAME = HackerTool;
			};
			name = Release;
		};
/* End XCBuildConfiguration section */

/* Begin XCConfigurationList section */
		6502C86826E1266900961887 /* Build configuration list for PBXProject "HackerTool" */ = {
			isa = XCConfigurationList;
			buildConfigurations = (
				6502C89826E1266F00961887 /* Debug */,
				6502C89926E1266F00961887 /* Release */,
			);
			defaultConfigurationIsVisible = 0;
			defaultConfigurationName = Release;
		};
		6502C89A26E1266F00961887 /* Build configuration list for PBXNativeTarget "HackerTool" */ = {
			isa = XCConfigurationList;
			buildConfigurations = (
				6502C89B26E1266F00961887 /* Debug */,
				6502C89C26E1266F00961887 /* Release */,
			);
			defaultConfigurationIsVisible = 0;
			defaultConfigurationName = Release;
		};
		6502C89D26E1266F00961887 /* Build configuration list for PBXNativeTarget "HackerToolTests" */ = {
			isa = XCConfigurationList;
			buildConfigurations = (
				6502C89E26E1266F00961887 /* Debug */,
				6502C89F26E1266F00961887 /* Release */,
			);
			defaultConfigurationIsVisible = 0;
			defaultConfigurationName = Release;
		};
		6502C8A026E1266F00961887 /* Build configuration list for PBXNativeTarget "HackerToolUITests" */ = {
			isa = XCConfigurationList;
			buildConfigurations = (
				6502C8A126E1266F00961887 /* Debug */,
				6502C8A226E1266F00961887 /* Release */,
			);
			defaultConfigurationIsVisible = 0;
			defaultConfigurationName = Release;
		};
/* End XCConfigurationList section */

/* Begin XCVersionGroup section */
		6502C87926E1266900961887 /* HackerTool.xcdatamodeld */ = {
			isa = XCVersionGroup;
			children = (
				6502C87A26E1266900961887 /* HackerTool.xcdatamodel */,
			);
			currentVersion = 6502C87A26E1266900961887 /* HackerTool.xcdatamodel */;
			path = HackerTool.xcdatamodeld;
			sourceTree = "<group>";
			versionGroupType = wrapper.xcdatamodel;
		};
/* End XCVersionGroup section */
	};
	rootObject = 6502C86526E1266900961887 /* Project object */;
}
